
Microsoft Visual Studio Solution File, Format Version 12.00
# Visual Studio Version 17
VisualStudioVersion = 17.5.33502.453
MinimumVisualStudioVersion = 10.0.40219.1
Project("{FAE04EC0-301F-11D3-BF4B-00C04F79EFBC}") = "Pong Game", "Pong Game.csproj", "{3B34629F-06CE-40AE-9023-F1C4C661D9A3}"
EndProject
Global
	GlobalSection(SolutionConfigurationPlatforms) = preSolution
		Debug|Any CPU = Debug|Any CPU
		Release|Any CPU = Release|Any CPU
	EndGlobalSection
	GlobalSection(ProjectConfigurationPlatforms) = postSolution
		{3B34629F-06CE-40AE-9023-F1C4C661D9A3}.Debug|Any CPU.ActiveCfg = Debug|Any CPU
		{3B34629F-06CE-40AE-9023-F1C4C661D9A3}.Debug|Any CPU.Build.0 = Debug|Any CPU
		{3B34629F-06CE-40AE-9023-F1C4C661D9A3}.Release|Any CPU.ActiveCfg = Release|Any CPU
		{3B34629F-06CE-40AE-9023-F1C4C661D9A3}.Release|Any CPU.Build.0 = Release|Any CPU
	EndGlobalSection
	GlobalSection(SolutionProperties) = preSolution
		HideSolutionNode = FALSE
	EndGlobalSection
	GlobalSection(ExtensibilityGlobals) = postSolution
		SolutionGuid = {F7609BAB-6556-4145-94FD-FBDFAB311DD0}
	EndGlobalSection
EndGlobal
